
Microsoft Visual Studio Solution File, Format Version 12.00
# Visual Studio Version 17
VisualStudioVersion = 17.9.34607.119
MinimumVisualStudioVersion = 10.0.40219.1
Project("{9A19103F-16F7-4668-BE54-9A1E7A4F7556}") = "Project", "Misc\Project.csproj", "{12C4AF5C-F0BA-46CE-B161-ACC316D53B49}"
EndProject
Project("{9A19103F-16F7-4668-BE54-9A1E7A4F7556}") = "FakeItEasyProject", "MockingLibraries\FakeItEasyProject\FakeItEasyProject.csproj", "{1E3E4795-F3B2-40E9-8245-6E7E9031192C}"
EndProject
Project("{9A19103F-16F7-4668-BE54-9A1E7A4F7556}") = "MoqProject", "MockingLibraries\MoqProject\MoqProject.csproj", "{45051498-1AE5-4728-82C1-5EC7E5B01729}"
EndProject
Project("{9A19103F-16F7-4668-BE54-9A1E7A4F7556}") = "NSubstituteProject", "MockingLibraries\NSubstituteProject\NSubstituteProject.csproj", "{CE572A36-6627-4C15-892B-23957DA9BEF9}"
EndProject
Project("{9A19103F-16F7-4668-BE54-9A1E7A4F7556}") = "MSTestProject", "TestingFrameworks\MSTestProject\MSTestProject.csproj", "{5C45D392-4706-4126-B0C6-67432E768116}"
EndProject
Project("{9A19103F-16F7-4668-BE54-9A1E7A4F7556}") = "NUnitProject", "TestingFrameworks\NUnitProject\NUnitProject.csproj", "{C8C2A69B-5ACA-4EED-BFC9-2812FD356A78}"
EndProject
Project("{9A19103F-16F7-4668-BE54-9A1E7A4F7556}") = "XUnitProject", "TestingFrameworks\XUnitProject\XUnitProject.csproj", "{BC63D2D6-A189-4A4C-AC95-281B6660765C}"
EndProject
Global
	GlobalSection(SolutionConfigurationPlatforms) = preSolution
		Debug|Any CPU = Debug|Any CPU
		Release|Any CPU = Release|Any CPU
	EndGlobalSection
	GlobalSection(ProjectConfigurationPlatforms) = postSolution
		{12C4AF5C-F0BA-46CE-B161-ACC316D53B49}.Debug|Any CPU.ActiveCfg = Debug|Any CPU
		{12C4AF5C-F0BA-46CE-B161-ACC316D53B49}.Debug|Any CPU.Build.0 = Debug|Any CPU
		{12C4AF5C-F0BA-46CE-B161-ACC316D53B49}.Release|Any CPU.ActiveCfg = Release|Any CPU
		{12C4AF5C-F0BA-46CE-B161-ACC316D53B49}.Release|Any CPU.Build.0 = Release|Any CPU
		{1E3E4795-F3B2-40E9-8245-6E7E9031192C}.Debug|Any CPU.ActiveCfg = Debug|Any CPU
		{1E3E4795-F3B2-40E9-8245-6E7E9031192C}.Debug|Any CPU.Build.0 = Debug|Any CPU
		{1E3E4795-F3B2-40E9-8245-6E7E9031192C}.Release|Any CPU.ActiveCfg = Release|Any CPU
		{1E3E4795-F3B2-40E9-8245-6E7E9031192C}.Release|Any CPU.Build.0 = Release|Any CPU
		{45051498-1AE5-4728-82C1-5EC7E5B01729}.Debug|Any CPU.ActiveCfg = Debug|Any CPU
		{45051498-1AE5-4728-82C1-5EC7E5B01729}.Debug|Any CPU.Build.0 = Debug|Any CPU
		{45051498-1AE5-4728-82C1-5EC7E5B01729}.Release|Any CPU.ActiveCfg = Release|Any CPU
		{45051498-1AE5-4728-82C1-5EC7E5B01729}.Release|Any CPU.Build.0 = Release|Any CPU
		{CE572A36-6627-4C15-892B-23957DA9BEF9}.Debug|Any CPU.ActiveCfg = Debug|Any CPU
		{CE572A36-6627-4C15-892B-23957DA9BEF9}.Debug|Any CPU.Build.0 = Debug|Any CPU
		{CE572A36-6627-4C15-892B-23957DA9BEF9}.Release|Any CPU.ActiveCfg = Release|Any CPU
		{CE572A36-6627-4C15-892B-23957DA9BEF9}.Release|Any CPU.Build.0 = Release|Any CPU
		{5C45D392-4706-4126-B0C6-67432E768116}.Debug|Any CPU.ActiveCfg = Debug|Any CPU
		{5C45D392-4706-4126-B0C6-67432E768116}.Debug|Any CPU.Build.0 = Debug|Any CPU
		{5C45D392-4706-4126-B0C6-67432E768116}.Release|Any CPU.ActiveCfg = Release|Any CPU
		{5C45D392-4706-4126-B0C6-67432E768116}.Release|Any CPU.Build.0 = Release|Any CPU
		{C8C2A69B-5ACA-4EED-BFC9-2812FD356A78}.Debug|Any CPU.ActiveCfg = Debug|Any CPU
		{C8C2A69B-5ACA-4EED-BFC9-2812FD356A78}.Debug|Any CPU.Build.0 = Debug|Any CPU
		{C8C2A69B-5ACA-4EED-BFC9-2812FD356A78}.Release|Any CPU.ActiveCfg = Release|Any CPU
		{C8C2A69B-5ACA-4EED-BFC9-2812FD356A78}.Release|Any CPU.Build.0 = Release|Any CPU
		{BC63D2D6-A189-4A4C-AC95-281B6660765C}.Debug|Any CPU.ActiveCfg = Debug|Any CPU
		{BC63D2D6-A189-4A4C-AC95-281B6660765C}.Debug|Any CPU.Build.0 = Debug|Any CPU
		{BC63D2D6-A189-4A4C-AC95-281B6660765C}.Release|Any CPU.ActiveCfg = Release|Any CPU
		{BC63D2D6-A189-4A4C-AC95-281B6660765C}.Release|Any CPU.Build.0 = Release|Any CPU
	EndGlobalSection
	GlobalSection(SolutionProperties) = preSolution
		HideSolutionNode = FALSE
	EndGlobalSection
	GlobalSection(ExtensibilityGlobals) = postSolution
		SolutionGuid = {ABC1BAE2-C94D-44D6-9A4C-54338A6600D6}
	EndGlobalSection
EndGlobal
