
Microsoft Visual Studio Solution File, Format Version 12.00
# Visual Studio Version 17
VisualStudioVersion = 17.8.34309.116
MinimumVisualStudioVersion = 10.0.40219.1
Project("{FAE04EC0-301F-11D3-BF4B-00C04F79EFBC}") = "NetTestX.VSIX", "src\NetTestX.VSIX\NetTestX.VSIX.csproj", "{70E15C85-CAA6-4BA7-9856-9269947B4946}"
EndProject
Project("{2150E333-8FDC-42A3-9474-1A3956D46DE8}") = "src", "src", "{A7311CB0-1C0E-4B23-896B-23D20D5C9C7F}"
EndProject
Project("{9A19103F-16F7-4668-BE54-9A1E7A4F7556}") = "NetTestX.CodeAnalysis", "src\NetTestX.CodeAnalysis\NetTestX.CodeAnalysis.csproj", "{F3028BF4-E209-4F71-B578-6E41C2A365FF}"
EndProject
Project("{9A19103F-16F7-4668-BE54-9A1E7A4F7556}") = "NetTestX.Razor", "src\NetTestX.Razor\NetTestX.Razor.csproj", "{FAD4B10B-DE57-49BE-9E5B-44DBE1A3DF8D}"
EndProject
Project("{9A19103F-16F7-4668-BE54-9A1E7A4F7556}") = "NetTestX.Polyfill", "src\NetTestX.Polyfill\NetTestX.Polyfill.csproj", "{B0D7F511-D21C-4ABF-8615-4FFDF0685A4E}"
EndProject
Project("{9A19103F-16F7-4668-BE54-9A1E7A4F7556}") = "NetTestX.CodeAnalysis.Workspaces", "src\NetTestX.CodeAnalysis.Workspaces\NetTestX.CodeAnalysis.Workspaces.csproj", "{88C3C6B2-A709-4EC3-B19A-844BC3426B3A}"
EndProject
Project("{9A19103F-16F7-4668-BE54-9A1E7A4F7556}") = "NetTestX.Common", "src\NetTestX.Common\NetTestX.Common.csproj", "{01FF04C2-7DDA-43A9-A8FF-AC031991330C}"
EndProject
Project("{2150E333-8FDC-42A3-9474-1A3956D46DE8}") = "test", "test", "{988ACA8E-3E91-4D90-BB84-EFAD27647EE7}"
EndProject
Project("{9A19103F-16F7-4668-BE54-9A1E7A4F7556}") = "NetTestX.Razor.Tests.Unit", "test\NetTestX.Razor.Tests.Unit\NetTestX.Razor.Tests.Unit.csproj", "{8E200517-9B6D-422B-B590-1BA2D524AB24}"
EndProject
Project("{9A19103F-16F7-4668-BE54-9A1E7A4F7556}") = "NetTestX.CodeAnalysis.Workspaces.Tests", "test\NetTestX.CodeAnalysis.Workspaces.Tests\NetTestX.CodeAnalysis.Workspaces.Tests.csproj", "{F6C0C7FD-4E3A-4514-B997-59163D9A0D9E}"
EndProject
Global
	GlobalSection(SolutionConfigurationPlatforms) = preSolution
		Debug|Any CPU = Debug|Any CPU
		Debug|arm64 = Debug|arm64
		Debug|x86 = Debug|x86
		Release|Any CPU = Release|Any CPU
		Release|arm64 = Release|arm64
		Release|x86 = Release|x86
	EndGlobalSection
	GlobalSection(ProjectConfigurationPlatforms) = postSolution
		{70E15C85-CAA6-4BA7-9856-9269947B4946}.Debug|Any CPU.ActiveCfg = Debug|Any CPU
		{70E15C85-CAA6-4BA7-9856-9269947B4946}.Debug|Any CPU.Build.0 = Debug|Any CPU
		{70E15C85-CAA6-4BA7-9856-9269947B4946}.Debug|arm64.ActiveCfg = Debug|arm64
		{70E15C85-CAA6-4BA7-9856-9269947B4946}.Debug|arm64.Build.0 = Debug|arm64
		{70E15C85-CAA6-4BA7-9856-9269947B4946}.Debug|x86.ActiveCfg = Debug|x86
		{70E15C85-CAA6-4BA7-9856-9269947B4946}.Debug|x86.Build.0 = Debug|x86
		{70E15C85-CAA6-4BA7-9856-9269947B4946}.Release|Any CPU.ActiveCfg = Release|Any CPU
		{70E15C85-CAA6-4BA7-9856-9269947B4946}.Release|Any CPU.Build.0 = Release|Any CPU
		{70E15C85-CAA6-4BA7-9856-9269947B4946}.Release|arm64.ActiveCfg = Release|arm64
		{70E15C85-CAA6-4BA7-9856-9269947B4946}.Release|arm64.Build.0 = Release|arm64
		{70E15C85-CAA6-4BA7-9856-9269947B4946}.Release|x86.ActiveCfg = Release|x86
		{70E15C85-CAA6-4BA7-9856-9269947B4946}.Release|x86.Build.0 = Release|x86
		{F3028BF4-E209-4F71-B578-6E41C2A365FF}.Debug|Any CPU.ActiveCfg = Debug|Any CPU
		{F3028BF4-E209-4F71-B578-6E41C2A365FF}.Debug|Any CPU.Build.0 = Debug|Any CPU
		{F3028BF4-E209-4F71-B578-6E41C2A365FF}.Debug|arm64.ActiveCfg = Debug|Any CPU
		{F3028BF4-E209-4F71-B578-6E41C2A365FF}.Debug|arm64.Build.0 = Debug|Any CPU
		{F3028BF4-E209-4F71-B578-6E41C2A365FF}.Debug|x86.ActiveCfg = Debug|Any CPU
		{F3028BF4-E209-4F71-B578-6E41C2A365FF}.Debug|x86.Build.0 = Debug|Any CPU
		{F3028BF4-E209-4F71-B578-6E41C2A365FF}.Release|Any CPU.ActiveCfg = Release|Any CPU
		{F3028BF4-E209-4F71-B578-6E41C2A365FF}.Release|Any CPU.Build.0 = Release|Any CPU
		{F3028BF4-E209-4F71-B578-6E41C2A365FF}.Release|arm64.ActiveCfg = Release|Any CPU
		{F3028BF4-E209-4F71-B578-6E41C2A365FF}.Release|arm64.Build.0 = Release|Any CPU
		{F3028BF4-E209-4F71-B578-6E41C2A365FF}.Release|x86.ActiveCfg = Release|Any CPU
		{F3028BF4-E209-4F71-B578-6E41C2A365FF}.Release|x86.Build.0 = Release|Any CPU
		{FAD4B10B-DE57-49BE-9E5B-44DBE1A3DF8D}.Debug|Any CPU.ActiveCfg = Debug|Any CPU
		{FAD4B10B-DE57-49BE-9E5B-44DBE1A3DF8D}.Debug|Any CPU.Build.0 = Debug|Any CPU
		{FAD4B10B-DE57-49BE-9E5B-44DBE1A3DF8D}.Debug|arm64.ActiveCfg = Debug|Any CPU
		{FAD4B10B-DE57-49BE-9E5B-44DBE1A3DF8D}.Debug|arm64.Build.0 = Debug|Any CPU
		{FAD4B10B-DE57-49BE-9E5B-44DBE1A3DF8D}.Debug|x86.ActiveCfg = Debug|Any CPU
		{FAD4B10B-DE57-49BE-9E5B-44DBE1A3DF8D}.Debug|x86.Build.0 = Debug|Any CPU
		{FAD4B10B-DE57-49BE-9E5B-44DBE1A3DF8D}.Release|Any CPU.ActiveCfg = Release|Any CPU
		{FAD4B10B-DE57-49BE-9E5B-44DBE1A3DF8D}.Release|Any CPU.Build.0 = Release|Any CPU
		{FAD4B10B-DE57-49BE-9E5B-44DBE1A3DF8D}.Release|arm64.ActiveCfg = Release|Any CPU
		{FAD4B10B-DE57-49BE-9E5B-44DBE1A3DF8D}.Release|arm64.Build.0 = Release|Any CPU
		{FAD4B10B-DE57-49BE-9E5B-44DBE1A3DF8D}.Release|x86.ActiveCfg = Release|Any CPU
		{FAD4B10B-DE57-49BE-9E5B-44DBE1A3DF8D}.Release|x86.Build.0 = Release|Any CPU
		{B0D7F511-D21C-4ABF-8615-4FFDF0685A4E}.Debug|Any CPU.ActiveCfg = Debug|Any CPU
		{B0D7F511-D21C-4ABF-8615-4FFDF0685A4E}.Debug|Any CPU.Build.0 = Debug|Any CPU
		{B0D7F511-D21C-4ABF-8615-4FFDF0685A4E}.Debug|arm64.ActiveCfg = Debug|Any CPU
		{B0D7F511-D21C-4ABF-8615-4FFDF0685A4E}.Debug|arm64.Build.0 = Debug|Any CPU
		{B0D7F511-D21C-4ABF-8615-4FFDF0685A4E}.Debug|x86.ActiveCfg = Debug|Any CPU
		{B0D7F511-D21C-4ABF-8615-4FFDF0685A4E}.Debug|x86.Build.0 = Debug|Any CPU
		{B0D7F511-D21C-4ABF-8615-4FFDF0685A4E}.Release|Any CPU.ActiveCfg = Release|Any CPU
		{B0D7F511-D21C-4ABF-8615-4FFDF0685A4E}.Release|Any CPU.Build.0 = Release|Any CPU
		{B0D7F511-D21C-4ABF-8615-4FFDF0685A4E}.Release|arm64.ActiveCfg = Release|Any CPU
		{B0D7F511-D21C-4ABF-8615-4FFDF0685A4E}.Release|arm64.Build.0 = Release|Any CPU
		{B0D7F511-D21C-4ABF-8615-4FFDF0685A4E}.Release|x86.ActiveCfg = Release|Any CPU
		{B0D7F511-D21C-4ABF-8615-4FFDF0685A4E}.Release|x86.Build.0 = Release|Any CPU
		{88C3C6B2-A709-4EC3-B19A-844BC3426B3A}.Debug|Any CPU.ActiveCfg = Debug|Any CPU
		{88C3C6B2-A709-4EC3-B19A-844BC3426B3A}.Debug|Any CPU.Build.0 = Debug|Any CPU
		{88C3C6B2-A709-4EC3-B19A-844BC3426B3A}.Debug|arm64.ActiveCfg = Debug|Any CPU
		{88C3C6B2-A709-4EC3-B19A-844BC3426B3A}.Debug|arm64.Build.0 = Debug|Any CPU
		{88C3C6B2-A709-4EC3-B19A-844BC3426B3A}.Debug|x86.ActiveCfg = Debug|Any CPU
		{88C3C6B2-A709-4EC3-B19A-844BC3426B3A}.Debug|x86.Build.0 = Debug|Any CPU
		{88C3C6B2-A709-4EC3-B19A-844BC3426B3A}.Release|Any CPU.ActiveCfg = Release|Any CPU
		{88C3C6B2-A709-4EC3-B19A-844BC3426B3A}.Release|Any CPU.Build.0 = Release|Any CPU
		{88C3C6B2-A709-4EC3-B19A-844BC3426B3A}.Release|arm64.ActiveCfg = Release|Any CPU
		{88C3C6B2-A709-4EC3-B19A-844BC3426B3A}.Release|arm64.Build.0 = Release|Any CPU
		{88C3C6B2-A709-4EC3-B19A-844BC3426B3A}.Release|x86.ActiveCfg = Release|Any CPU
		{88C3C6B2-A709-4EC3-B19A-844BC3426B3A}.Release|x86.Build.0 = Release|Any CPU
		{01FF04C2-7DDA-43A9-A8FF-AC031991330C}.Debug|Any CPU.ActiveCfg = Debug|Any CPU
		{01FF04C2-7DDA-43A9-A8FF-AC031991330C}.Debug|Any CPU.Build.0 = Debug|Any CPU
		{01FF04C2-7DDA-43A9-A8FF-AC031991330C}.Debug|arm64.ActiveCfg = Debug|Any CPU
		{01FF04C2-7DDA-43A9-A8FF-AC031991330C}.Debug|arm64.Build.0 = Debug|Any CPU
		{01FF04C2-7DDA-43A9-A8FF-AC031991330C}.Debug|x86.ActiveCfg = Debug|Any CPU
		{01FF04C2-7DDA-43A9-A8FF-AC031991330C}.Debug|x86.Build.0 = Debug|Any CPU
		{01FF04C2-7DDA-43A9-A8FF-AC031991330C}.Release|Any CPU.ActiveCfg = Release|Any CPU
		{01FF04C2-7DDA-43A9-A8FF-AC031991330C}.Release|Any CPU.Build.0 = Release|Any CPU
		{01FF04C2-7DDA-43A9-A8FF-AC031991330C}.Release|arm64.ActiveCfg = Release|Any CPU
		{01FF04C2-7DDA-43A9-A8FF-AC031991330C}.Release|arm64.Build.0 = Release|Any CPU
		{01FF04C2-7DDA-43A9-A8FF-AC031991330C}.Release|x86.ActiveCfg = Release|Any CPU
		{01FF04C2-7DDA-43A9-A8FF-AC031991330C}.Release|x86.Build.0 = Release|Any CPU
		{8E200517-9B6D-422B-B590-1BA2D524AB24}.Debug|Any CPU.ActiveCfg = Debug|Any CPU
		{8E200517-9B6D-422B-B590-1BA2D524AB24}.Debug|Any CPU.Build.0 = Debug|Any CPU
		{8E200517-9B6D-422B-B590-1BA2D524AB24}.Debug|arm64.ActiveCfg = Debug|Any CPU
		{8E200517-9B6D-422B-B590-1BA2D524AB24}.Debug|arm64.Build.0 = Debug|Any CPU
		{8E200517-9B6D-422B-B590-1BA2D524AB24}.Debug|x86.ActiveCfg = Debug|Any CPU
		{8E200517-9B6D-422B-B590-1BA2D524AB24}.Debug|x86.Build.0 = Debug|Any CPU
		{8E200517-9B6D-422B-B590-1BA2D524AB24}.Release|Any CPU.ActiveCfg = Release|Any CPU
		{8E200517-9B6D-422B-B590-1BA2D524AB24}.Release|Any CPU.Build.0 = Release|Any CPU
		{8E200517-9B6D-422B-B590-1BA2D524AB24}.Release|arm64.ActiveCfg = Release|Any CPU
		{8E200517-9B6D-422B-B590-1BA2D524AB24}.Release|arm64.Build.0 = Release|Any CPU
		{8E200517-9B6D-422B-B590-1BA2D524AB24}.Release|x86.ActiveCfg = Release|Any CPU
		{8E200517-9B6D-422B-B590-1BA2D524AB24}.Release|x86.Build.0 = Release|Any CPU
		{F6C0C7FD-4E3A-4514-B997-59163D9A0D9E}.Debug|Any CPU.ActiveCfg = Debug|Any CPU
		{F6C0C7FD-4E3A-4514-B997-59163D9A0D9E}.Debug|Any CPU.Build.0 = Debug|Any CPU
		{F6C0C7FD-4E3A-4514-B997-59163D9A0D9E}.Debug|arm64.ActiveCfg = Debug|Any CPU
		{F6C0C7FD-4E3A-4514-B997-59163D9A0D9E}.Debug|arm64.Build.0 = Debug|Any CPU
		{F6C0C7FD-4E3A-4514-B997-59163D9A0D9E}.Debug|x86.ActiveCfg = Debug|Any CPU
		{F6C0C7FD-4E3A-4514-B997-59163D9A0D9E}.Debug|x86.Build.0 = Debug|Any CPU
		{F6C0C7FD-4E3A-4514-B997-59163D9A0D9E}.Release|Any CPU.ActiveCfg = Release|Any CPU
		{F6C0C7FD-4E3A-4514-B997-59163D9A0D9E}.Release|Any CPU.Build.0 = Release|Any CPU
		{F6C0C7FD-4E3A-4514-B997-59163D9A0D9E}.Release|arm64.ActiveCfg = Release|Any CPU
		{F6C0C7FD-4E3A-4514-B997-59163D9A0D9E}.Release|arm64.Build.0 = Release|Any CPU
		{F6C0C7FD-4E3A-4514-B997-59163D9A0D9E}.Release|x86.ActiveCfg = Release|Any CPU
		{F6C0C7FD-4E3A-4514-B997-59163D9A0D9E}.Release|x86.Build.0 = Release|Any CPU
	EndGlobalSection
	GlobalSection(SolutionProperties) = preSolution
		HideSolutionNode = FALSE
	EndGlobalSection
	GlobalSection(NestedProjects) = preSolution
		{70E15C85-CAA6-4BA7-9856-9269947B4946} = {A7311CB0-1C0E-4B23-896B-23D20D5C9C7F}
		{F3028BF4-E209-4F71-B578-6E41C2A365FF} = {A7311CB0-1C0E-4B23-896B-23D20D5C9C7F}
		{FAD4B10B-DE57-49BE-9E5B-44DBE1A3DF8D} = {A7311CB0-1C0E-4B23-896B-23D20D5C9C7F}
		{B0D7F511-D21C-4ABF-8615-4FFDF0685A4E} = {A7311CB0-1C0E-4B23-896B-23D20D5C9C7F}
		{88C3C6B2-A709-4EC3-B19A-844BC3426B3A} = {A7311CB0-1C0E-4B23-896B-23D20D5C9C7F}
		{01FF04C2-7DDA-43A9-A8FF-AC031991330C} = {A7311CB0-1C0E-4B23-896B-23D20D5C9C7F}
		{8E200517-9B6D-422B-B590-1BA2D524AB24} = {988ACA8E-3E91-4D90-BB84-EFAD27647EE7}
		{F6C0C7FD-4E3A-4514-B997-59163D9A0D9E} = {988ACA8E-3E91-4D90-BB84-EFAD27647EE7}
	EndGlobalSection
	GlobalSection(ExtensibilityGlobals) = postSolution
		SolutionGuid = {D881028E-3873-47C4-91CD-9B05354D0323}
	EndGlobalSection
EndGlobal
